// !$*UTF8*$!
{
	archiveVersion = 1;
	classes = {
	};
	objectVersion = 50;
	objects = {

/* Begin PBXBuildFile section */
		EBA9185022CA9AB800296CAA /* AppDelegate.swift in Sources */ = {isa = PBXBuildFile; fileRef = EBA9184F22CA9AB800296CAA /* AppDelegate.swift */; };
		EBA9185222CA9AB800296CAA /* SceneDelegate.swift in Sources */ = {isa = PBXBuildFile; fileRef = EBA9185122CA9AB800296CAA /* SceneDelegate.swift */; };
		EBA9185422CA9AB800296CAA /* ViewController.swift in Sources */ = {isa = PBXBuildFile; fileRef = EBA9185322CA9AB800296CAA /* ViewController.swift */; };
		EBA9185722CA9AB800296CAA /* Main.storyboard in Resources */ = {isa = PBXBuildFile; fileRef = EBA9185522CA9AB800296CAA /* Main.storyboard */; };
		EBA9185922CA9ABA00296CAA /* Assets.xcassets in Resources */ = {isa = PBXBuildFile; fileRef = EBA9185822CA9ABA00296CAA /* Assets.xcassets */; };
		EBA9185C22CA9ABA00296CAA /* LaunchScreen.storyboard in Resources */ = {isa = PBXBuildFile; fileRef = EBA9185A22CA9ABA00296CAA /* LaunchScreen.storyboard */; };
		EBA9186422CA9AD400296CAA /* Note.swift in Sources */ = {isa = PBXBuildFile; fileRef = EBA9186322CA9AD400296CAA /* Note.swift */; };
		EBB0884322D2522C0042ED0F /* NoteExtension.swift in Sources */ = {isa = PBXBuildFile; fileRef = EBB0884222D2522C0042ED0F /* NoteExtension.swift */; };
		EBFA2B9022DB3ACB00E6C135 /* YandexCourseUnitTests.swift in Sources */ = {isa = PBXBuildFile; fileRef = EBFA2B8F22DB3ACB00E6C135 /* YandexCourseUnitTests.swift */; };
		EBFA2B9722DB3AD500E6C135 /* Note.swift in Sources */ = {isa = PBXBuildFile; fileRef = EBA9186322CA9AD400296CAA /* Note.swift */; };
		EBFA2B9822DB3AD900E6C135 /* NoteExtension.swift in Sources */ = {isa = PBXBuildFile; fileRef = EBB0884222D2522C0042ED0F /* NoteExtension.swift */; };
		EBFA2B9A22DB3B4900E6C135 /* NoteTests.swift in Sources */ = {isa = PBXBuildFile; fileRef = EBFA2B9922DB3B4900E6C135 /* NoteTests.swift */; };
/* End PBXBuildFile section */

/* Begin PBXContainerItemProxy section */
		EBFA2B9222DB3ACB00E6C135 /* PBXContainerItemProxy */ = {
			isa = PBXContainerItemProxy;
			containerPortal = EBA9184422CA9AB800296CAA /* Project object */;
			proxyType = 1;
			remoteGlobalIDString = EBA9184B22CA9AB800296CAA;
			remoteInfo = YandexCourse;
		};
/* End PBXContainerItemProxy section */

/* Begin PBXFileReference section */
		EBA9184C22CA9AB800296CAA /* YandexCourse.app */ = {isa = PBXFileReference; explicitFileType = wrapper.application; includeInIndex = 0; path = YandexCourse.app; sourceTree = BUILT_PRODUCTS_DIR; };
		EBA9184F22CA9AB800296CAA /* AppDelegate.swift */ = {isa = PBXFileReference; lastKnownFileType = sourcecode.swift; path = AppDelegate.swift; sourceTree = "<group>"; };
		EBA9185122CA9AB800296CAA /* SceneDelegate.swift */ = {isa = PBXFileReference; lastKnownFileType = sourcecode.swift; path = SceneDelegate.swift; sourceTree = "<group>"; };
		EBA9185322CA9AB800296CAA /* ViewController.swift */ = {isa = PBXFileReference; lastKnownFileType = sourcecode.swift; path = ViewController.swift; sourceTree = "<group>"; };
		EBA9185622CA9AB800296CAA /* Base */ = {isa = PBXFileReference; lastKnownFileType = file.storyboard; name = Base; path = Base.lproj/Main.storyboard; sourceTree = "<group>"; };
		EBA9185822CA9ABA00296CAA /* Assets.xcassets */ = {isa = PBXFileReference; lastKnownFileType = folder.assetcatalog; path = Assets.xcassets; sourceTree = "<group>"; };
		EBA9185B22CA9ABA00296CAA /* Base */ = {isa = PBXFileReference; lastKnownFileType = file.storyboard; name = Base; path = Base.lproj/LaunchScreen.storyboard; sourceTree = "<group>"; };
		EBA9185D22CA9ABA00296CAA /* Info.plist */ = {isa = PBXFileReference; lastKnownFileType = text.plist.xml; path = Info.plist; sourceTree = "<group>"; };
		EBA9186322CA9AD400296CAA /* Note.swift */ = {isa = PBXFileReference; lastKnownFileType = sourcecode.swift; path = Note.swift; sourceTree = "<group>"; };
		EBB0884222D2522C0042ED0F /* NoteExtension.swift */ = {isa = PBXFileReference; lastKnownFileType = sourcecode.swift; path = NoteExtension.swift; sourceTree = "<group>"; };
		EBFA2B8D22DB3ACB00E6C135 /* YandexCourseUnitTests.xctest */ = {isa = PBXFileReference; explicitFileType = wrapper.cfbundle; includeInIndex = 0; path = YandexCourseUnitTests.xctest; sourceTree = BUILT_PRODUCTS_DIR; };
		EBFA2B8F22DB3ACB00E6C135 /* YandexCourseUnitTests.swift */ = {isa = PBXFileReference; lastKnownFileType = sourcecode.swift; path = YandexCourseUnitTests.swift; sourceTree = "<group>"; };
		EBFA2B9122DB3ACB00E6C135 /* Info.plist */ = {isa = PBXFileReference; lastKnownFileType = text.plist.xml; path = Info.plist; sourceTree = "<group>"; };
		EBFA2B9922DB3B4900E6C135 /* NoteTests.swift */ = {isa = PBXFileReference; lastKnownFileType = sourcecode.swift; path = NoteTests.swift; sourceTree = "<group>"; };
/* End PBXFileReference section */

/* Begin PBXFrameworksBuildPhase section */
		EBA9184922CA9AB800296CAA /* Frameworks */ = {
			isa = PBXFrameworksBuildPhase;
			buildActionMask = 2147483647;
			files = (
			);
			runOnlyForDeploymentPostprocessing = 0;
		};
		EBFA2B8A22DB3ACB00E6C135 /* Frameworks */ = {
			isa = PBXFrameworksBuildPhase;
			buildActionMask = 2147483647;
			files = (
			);
			runOnlyForDeploymentPostprocessing = 0;
		};
/* End PBXFrameworksBuildPhase section */

/* Begin PBXGroup section */
		EB8308E022DB59AC009C6520 /* Note */ = {
			isa = PBXGroup;
			children = (
				EBA9186322CA9AD400296CAA /* Note.swift */,
				EBB0884222D2522C0042ED0F /* NoteExtension.swift */,
			);
			path = Note;
			sourceTree = "<group>";
		};
		EB8308E222DB5A8D009C6520 /* FileNotebook */ = {
			isa = PBXGroup;
			children = (
				EB8308E022DB59AC009C6520 /* Note */,
			);
			path = FileNotebook;
			sourceTree = "<group>";
		};
		EBA9184322CA9AB800296CAA = {
			isa = PBXGroup;
			children = (
				EBA9184E22CA9AB800296CAA /* YandexCourse */,
				EBFA2B8E22DB3ACB00E6C135 /* YandexCourseUnitTests */,
				EBA9184D22CA9AB800296CAA /* Products */,
			);
			sourceTree = "<group>";
		};
		EBA9184D22CA9AB800296CAA /* Products */ = {
			isa = PBXGroup;
			children = (
				EBA9184C22CA9AB800296CAA /* YandexCourse.app */,
				EBFA2B8D22DB3ACB00E6C135 /* YandexCourseUnitTests.xctest */,
			);
			name = Products;
			sourceTree = "<group>";
		};
		EBA9184E22CA9AB800296CAA /* YandexCourse */ = {
			isa = PBXGroup;
			children = (
				EB8308E222DB5A8D009C6520 /* FileNotebook */,
				EBA9184F22CA9AB800296CAA /* AppDelegate.swift */,
				EBA9185122CA9AB800296CAA /* SceneDelegate.swift */,
				EBA9185322CA9AB800296CAA /* ViewController.swift */,
				EBA9185522CA9AB800296CAA /* Main.storyboard */,
				EBA9185822CA9ABA00296CAA /* Assets.xcassets */,
				EBA9185A22CA9ABA00296CAA /* LaunchScreen.storyboard */,
				EBA9185D22CA9ABA00296CAA /* Info.plist */,
			);
			path = YandexCourse;
			sourceTree = "<group>";
		};
		EBFA2B8E22DB3ACB00E6C135 /* YandexCourseUnitTests */ = {
			isa = PBXGroup;
			children = (
				EBFA2B8F22DB3ACB00E6C135 /* YandexCourseUnitTests.swift */,
				EBFA2B9922DB3B4900E6C135 /* NoteTests.swift */,
				EBFA2B9122DB3ACB00E6C135 /* Info.plist */,
			);
			path = YandexCourseUnitTests;
			sourceTree = "<group>";
		};
/* End PBXGroup section */

/* Begin PBXNativeTarget section */
		EBA9184B22CA9AB800296CAA /* YandexCourse */ = {
			isa = PBXNativeTarget;
			buildConfigurationList = EBA9186022CA9ABA00296CAA /* Build configuration list for PBXNativeTarget "YandexCourse" */;
			buildPhases = (
				EBA9184822CA9AB800296CAA /* Sources */,
				EBA9184922CA9AB800296CAA /* Frameworks */,
				EBA9184A22CA9AB800296CAA /* Resources */,
			);
			buildRules = (
			);
			dependencies = (
			);
			name = YandexCourse;
			productName = YandexCourse;
			productReference = EBA9184C22CA9AB800296CAA /* YandexCourse.app */;
			productType = "com.apple.product-type.application";
		};
		EBFA2B8C22DB3ACB00E6C135 /* YandexCourseUnitTests */ = {
			isa = PBXNativeTarget;
			buildConfigurationList = EBFA2B9622DB3ACB00E6C135 /* Build configuration list for PBXNativeTarget "YandexCourseUnitTests" */;
			buildPhases = (
				EBFA2B8922DB3ACB00E6C135 /* Sources */,
				EBFA2B8A22DB3ACB00E6C135 /* Frameworks */,
				EBFA2B8B22DB3ACB00E6C135 /* Resources */,
			);
			buildRules = (
			);
			dependencies = (
				EBFA2B9322DB3ACB00E6C135 /* PBXTargetDependency */,
			);
			name = YandexCourseUnitTests;
			productName = YandexCourseUnitTests;
			productReference = EBFA2B8D22DB3ACB00E6C135 /* YandexCourseUnitTests.xctest */;
			productType = "com.apple.product-type.bundle.unit-test";
		};
/* End PBXNativeTarget section */

/* Begin PBXProject section */
		EBA9184422CA9AB800296CAA /* Project object */ = {
			isa = PBXProject;
			attributes = {
				LastSwiftUpdateCheck = 1100;
				LastUpgradeCheck = 1100;
				ORGANIZATIONNAME = "Vitaliy Pyatnikov";
				TargetAttributes = {
					EBA9184B22CA9AB800296CAA = {
						CreatedOnToolsVersion = 11.0;
					};
					EBFA2B8C22DB3ACB00E6C135 = {
						CreatedOnToolsVersion = 11.0;
						TestTargetID = EBA9184B22CA9AB800296CAA;
					};
				};
			};
			buildConfigurationList = EBA9184722CA9AB800296CAA /* Build configuration list for PBXProject "YandexCourse" */;
			compatibilityVersion = "Xcode 9.3";
			developmentRegion = en;
			hasScannedForEncodings = 0;
			knownRegions = (
				en,
				Base,
			);
			mainGroup = EBA9184322CA9AB800296CAA;
			productRefGroup = EBA9184D22CA9AB800296CAA /* Products */;
			projectDirPath = "";
			projectRoot = "";
			targets = (
				EBA9184B22CA9AB800296CAA /* YandexCourse */,
				EBFA2B8C22DB3ACB00E6C135 /* YandexCourseUnitTests */,
			);
		};
/* End PBXProject section */

/* Begin PBXResourcesBuildPhase section */
		EBA9184A22CA9AB800296CAA /* Resources */ = {
			isa = PBXResourcesBuildPhase;
			buildActionMask = 2147483647;
			files = (
				EBA9185C22CA9ABA00296CAA /* LaunchScreen.storyboard in Resources */,
				EBA9185922CA9ABA00296CAA /* Assets.xcassets in Resources */,
				EBA9185722CA9AB800296CAA /* Main.storyboard in Resources */,
			);
			runOnlyForDeploymentPostprocessing = 0;
		};
		EBFA2B8B22DB3ACB00E6C135 /* Resources */ = {
			isa = PBXResourcesBuildPhase;
			buildActionMask = 2147483647;
			files = (
			);
			runOnlyForDeploymentPostprocessing = 0;
		};
/* End PBXResourcesBuildPhase section */

/* Begin PBXSourcesBuildPhase section */
		EBA9184822CA9AB800296CAA /* Sources */ = {
			isa = PBXSourcesBuildPhase;
			buildActionMask = 2147483647;
			files = (
				EBB0884322D2522C0042ED0F /* NoteExtension.swift in Sources */,
				EBA9185422CA9AB800296CAA /* ViewController.swift in Sources */,
				EBA9185022CA9AB800296CAA /* AppDelegate.swift in Sources */,
				EBA9185222CA9AB800296CAA /* SceneDelegate.swift in Sources */,
				EBA9186422CA9AD400296CAA /* Note.swift in Sources */,
			);
			runOnlyForDeploymentPostprocessing = 0;
		};
		EBFA2B8922DB3ACB00E6C135 /* Sources */ = {
			isa = PBXSourcesBuildPhase;
			buildActionMask = 2147483647;
			files = (
				EBFA2B9022DB3ACB00E6C135 /* YandexCourseUnitTests.swift in Sources */,
				EBFA2B9822DB3AD900E6C135 /* NoteExtension.swift in Sources */,
				EBFA2B9722DB3AD500E6C135 /* Note.swift in Sources */,
				EBFA2B9A22DB3B4900E6C135 /* NoteTests.swift in Sources */,
			);
			runOnlyForDeploymentPostprocessing = 0;
		};
/* End PBXSourcesBuildPhase section */

/* Begin PBXTargetDependency section */
		EBFA2B9322DB3ACB00E6C135 /* PBXTargetDependency */ = {
			isa = PBXTargetDependency;
			target = EBA9184B22CA9AB800296CAA /* YandexCourse */;
			targetProxy = EBFA2B9222DB3ACB00E6C135 /* PBXContainerItemProxy */;
		};
/* End PBXTargetDependency section */

/* Begin PBXVariantGroup section */
		EBA9185522CA9AB800296CAA /* Main.storyboard */ = {
			isa = PBXVariantGroup;
			children = (
				EBA9185622CA9AB800296CAA /* Base */,
			);
			name = Main.storyboard;
			sourceTree = "<group>";
		};
		EBA9185A22CA9ABA00296CAA /* LaunchScreen.storyboard */ = {
			isa = PBXVariantGroup;
			children = (
				EBA9185B22CA9ABA00296CAA /* Base */,
			);
			name = LaunchScreen.storyboard;
			sourceTree = "<group>";
		};
/* End PBXVariantGroup section */

/* Begin XCBuildConfiguration section */
		EBA9185E22CA9ABA00296CAA /* Debug */ = {
			isa = XCBuildConfiguration;
			buildSettings = {
				ALWAYS_SEARCH_USER_PATHS = NO;
				CLANG_ANALYZER_NONNULL = YES;
				CLANG_ANALYZER_NUMBER_OBJECT_CONVERSION = YES_AGGRESSIVE;
				CLANG_CXX_LANGUAGE_STANDARD = "gnu++14";
				CLANG_CXX_LIBRARY = "libc++";
				CLANG_ENABLE_MODULES = YES;
				CLANG_ENABLE_OBJC_ARC = YES;
				CLANG_ENABLE_OBJC_WEAK = YES;
				CLANG_WARN_BLOCK_CAPTURE_AUTORELEASING = YES;
				CLANG_WARN_BOOL_CONVERSION = YES;
				CLANG_WARN_COMMA = YES;
				CLANG_WARN_CONSTANT_CONVERSION = YES;
				CLANG_WARN_DEPRECATED_OBJC_IMPLEMENTATIONS = YES;
				CLANG_WARN_DIRECT_OBJC_ISA_USAGE = YES_ERROR;
				CLANG_WARN_DOCUMENTATION_COMMENTS = YES;
				CLANG_WARN_EMPTY_BODY = YES;
				CLANG_WARN_ENUM_CONVERSION = YES;
				CLANG_WARN_INFINITE_RECURSION = YES;
				CLANG_WARN_INT_CONVERSION = YES;
				CLANG_WARN_NON_LITERAL_NULL_CONVERSION = YES;
				CLANG_WARN_OBJC_IMPLICIT_RETAIN_SELF = YES;
				CLANG_WARN_OBJC_LITERAL_CONVERSION = YES;
				CLANG_WARN_OBJC_ROOT_CLASS = YES_ERROR;
				CLANG_WARN_RANGE_LOOP_ANALYSIS = YES;
				CLANG_WARN_STRICT_PROTOTYPES = YES;
				CLANG_WARN_SUSPICIOUS_MOVE = YES;
				CLANG_WARN_UNGUARDED_AVAILABILITY = YES_AGGRESSIVE;
				CLANG_WARN_UNREACHABLE_CODE = YES;
				CLANG_WARN__DUPLICATE_METHOD_MATCH = YES;
				COPY_PHASE_STRIP = NO;
				DEBUG_INFORMATION_FORMAT = dwarf;
				ENABLE_STRICT_OBJC_MSGSEND = YES;
				ENABLE_TESTABILITY = YES;
				GCC_C_LANGUAGE_STANDARD = gnu11;
				GCC_DYNAMIC_NO_PIC = NO;
				GCC_NO_COMMON_BLOCKS = YES;
				GCC_OPTIMIZATION_LEVEL = s;
				GCC_PREPROCESSOR_DEFINITIONS = (
					"DEBUG=1",
					"$(inherited)",
				);
				GCC_WARN_64_TO_32_BIT_CONVERSION = YES;
				GCC_WARN_ABOUT_RETURN_TYPE = YES_ERROR;
				GCC_WARN_UNDECLARED_SELECTOR = YES;
				GCC_WARN_UNINITIALIZED_AUTOS = YES_AGGRESSIVE;
				GCC_WARN_UNUSED_FUNCTION = YES;
				GCC_WARN_UNUSED_VARIABLE = YES;
				IPHONEOS_DEPLOYMENT_TARGET = 13.0;
				MTL_ENABLE_DEBUG_INFO = INCLUDE_SOURCE;
				MTL_FAST_MATH = YES;
				ONLY_ACTIVE_ARCH = YES;
				SDKROOT = iphoneos;
				SWIFT_ACTIVE_COMPILATION_CONDITIONS = DEBUG;
				SWIFT_OPTIMIZATION_LEVEL = "-Onone";
			};
			name = Debug;
		};
		EBA9185F22CA9ABA00296CAA /* Release */ = {
			isa = XCBuildConfiguration;
			buildSettings = {
				ALWAYS_SEARCH_USER_PATHS = NO;
				CLANG_ANALYZER_NONNULL = YES;
				CLANG_ANALYZER_NUMBER_OBJECT_CONVERSION = YES_AGGRESSIVE;
				CLANG_CXX_LANGUAGE_STANDARD = "gnu++14";
				CLANG_CXX_LIBRARY = "libc++";
				CLANG_ENABLE_MODULES = YES;
				CLANG_ENABLE_OBJC_ARC = YES;
				CLANG_ENABLE_OBJC_WEAK = YES;
				CLANG_WARN_BLOCK_CAPTURE_AUTORELEASING = YES;
				CLANG_WARN_BOOL_CONVERSION = YES;
				CLANG_WARN_COMMA = YES;
				CLANG_WARN_CONSTANT_CONVERSION = YES;
				CLANG_WARN_DEPRECATED_OBJC_IMPLEMENTATIONS = YES;
				CLANG_WARN_DIRECT_OBJC_ISA_USAGE = YES_ERROR;
				CLANG_WARN_DOCUMENTATION_COMMENTS = YES;
				CLANG_WARN_EMPTY_BODY = YES;
				CLANG_WARN_ENUM_CONVERSION = YES;
				CLANG_WARN_INFINITE_RECURSION = YES;
				CLANG_WARN_INT_CONVERSION = YES;
				CLANG_WARN_NON_LITERAL_NULL_CONVERSION = YES;
				CLANG_WARN_OBJC_IMPLICIT_RETAIN_SELF = YES;
				CLANG_WARN_OBJC_LITERAL_CONVERSION = YES;
				CLANG_WARN_OBJC_ROOT_CLASS = YES_ERROR;
				CLANG_WARN_RANGE_LOOP_ANALYSIS = YES;
				CLANG_WARN_STRICT_PROTOTYPES = YES;
				CLANG_WARN_SUSPICIOUS_MOVE = YES;
				CLANG_WARN_UNGUARDED_AVAILABILITY = YES_AGGRESSIVE;
				CLANG_WARN_UNREACHABLE_CODE = YES;
				CLANG_WARN__DUPLICATE_METHOD_MATCH = YES;
				COPY_PHASE_STRIP = NO;
				DEBUG_INFORMATION_FORMAT = "dwarf-with-dsym";
				ENABLE_NS_ASSERTIONS = NO;
				ENABLE_STRICT_OBJC_MSGSEND = YES;
				GCC_C_LANGUAGE_STANDARD = gnu11;
				GCC_NO_COMMON_BLOCKS = YES;
				GCC_WARN_64_TO_32_BIT_CONVERSION = YES;
				GCC_WARN_ABOUT_RETURN_TYPE = YES_ERROR;
				GCC_WARN_UNDECLARED_SELECTOR = YES;
				GCC_WARN_UNINITIALIZED_AUTOS = YES_AGGRESSIVE;
				GCC_WARN_UNUSED_FUNCTION = YES;
				GCC_WARN_UNUSED_VARIABLE = YES;
				IPHONEOS_DEPLOYMENT_TARGET = 13.0;
				MTL_ENABLE_DEBUG_INFO = NO;
				MTL_FAST_MATH = YES;
				SDKROOT = iphoneos;
				SWIFT_COMPILATION_MODE = wholemodule;
				SWIFT_OPTIMIZATION_LEVEL = "-O";
				VALIDATE_PRODUCT = YES;
			};
			name = Release;
		};
		EBA9186122CA9ABA00296CAA /* Debug */ = {
			isa = XCBuildConfiguration;
			buildSettings = {
				ASSETCATALOG_COMPILER_APPICON_NAME = AppIcon;
				CODE_SIGN_STYLE = Automatic;
				CURRENT_PROJECT_VERSION = 0.0.1;
				DEVELOPMENT_TEAM = RNQ4ECEX2X;
				INFOPLIST_FILE = YandexCourse/Info.plist;
				LD_RUNPATH_SEARCH_PATHS = (
					"$(inherited)",
					"@executable_path/Frameworks",
				);
				MARKETING_VERSION = 1;
				PRODUCT_BUNDLE_IDENTIFIER = com.work.testswiftui.YandexCourse;
				PRODUCT_NAME = "$(TARGET_NAME)";
				SWIFT_VERSION = 5.0;
				TARGETED_DEVICE_FAMILY = 1;
			};
			name = Debug;
		};
		EBA9186222CA9ABA00296CAA /* Release */ = {
			isa = XCBuildConfiguration;
			buildSettings = {
				ASSETCATALOG_COMPILER_APPICON_NAME = AppIcon;
				CODE_SIGN_STYLE = Automatic;
				CURRENT_PROJECT_VERSION = 0.0.1;
				DEVELOPMENT_TEAM = RNQ4ECEX2X;
				INFOPLIST_FILE = YandexCourse/Info.plist;
				LD_RUNPATH_SEARCH_PATHS = (
					"$(inherited)",
					"@executable_path/Frameworks",
				);
				MARKETING_VERSION = 1;
				PRODUCT_BUNDLE_IDENTIFIER = com.work.testswiftui.YandexCourse;
				PRODUCT_NAME = "$(TARGET_NAME)";
				SWIFT_VERSION = 5.0;
				TARGETED_DEVICE_FAMILY = 1;
			};
			name = Release;
		};
		EBFA2B9422DB3ACB00E6C135 /* Debug */ = {
			isa = XCBuildConfiguration;
			buildSettings = {
				BUNDLE_LOADER = "$(TEST_HOST)";
				CODE_SIGN_STYLE = Automatic;
				DEVELOPMENT_TEAM = RNQ4ECEX2X;
				GCC_OPTIMIZATION_LEVEL = 0;
				INFOPLIST_FILE = YandexCourseUnitTests/Info.plist;
				LD_RUNPATH_SEARCH_PATHS = (
					"$(inherited)",
					"@executable_path/Frameworks",
					"@loader_path/Frameworks",
				);
				PRODUCT_BUNDLE_IDENTIFIER = com.work.yandexCourseUnitTests.YandexCourseUnitTests;
				PRODUCT_NAME = "$(TARGET_NAME)";
				SWIFT_VERSION = 5.0;
				TARGETED_DEVICE_FAMILY = "1,2";
				TEST_HOST = "$(BUILT_PRODUCTS_DIR)/YandexCourse.app/YandexCourse";
			};
			name = Debug;
		};
		EBFA2B9522DB3ACB00E6C135 /* Release */ = {
			isa = XCBuildConfiguration;
			buildSettings = {
				BUNDLE_LOADER = "$(TEST_HOST)";
				CODE_SIGN_STYLE = Automatic;
				DEVELOPMENT_TEAM = RNQ4ECEX2X;
				INFOPLIST_FILE = YandexCourseUnitTests/Info.plist;
				LD_RUNPATH_SEARCH_PATHS = (
					"$(inherited)",
					"@executable_path/Frameworks",
					"@loader_path/Frameworks",
				);
				PRODUCT_BUNDLE_IDENTIFIER = com.work.yandexCourseUnitTests.YandexCourseUnitTests;
				PRODUCT_NAME = "$(TARGET_NAME)";
				SWIFT_VERSION = 5.0;
				TARGETED_DEVICE_FAMILY = "1,2";
				TEST_HOST = "$(BUILT_PRODUCTS_DIR)/YandexCourse.app/YandexCourse";
			};
			name = Release;
		};
/* End XCBuildConfiguration section */

/* Begin XCConfigurationList section */
		EBA9184722CA9AB800296CAA /* Build configuration list for PBXProject "YandexCourse" */ = {
			isa = XCConfigurationList;
			buildConfigurations = (
				EBA9185E22CA9ABA00296CAA /* Debug */,
				EBA9185F22CA9ABA00296CAA /* Release */,
			);
			defaultConfigurationIsVisible = 0;
			defaultConfigurationName = Release;
		};
		EBA9186022CA9ABA00296CAA /* Build configuration list for PBXNativeTarget "YandexCourse" */ = {
			isa = XCConfigurationList;
			buildConfigurations = (
				EBA9186122CA9ABA00296CAA /* Debug */,
				EBA9186222CA9ABA00296CAA /* Release */,
			);
			defaultConfigurationIsVisible = 0;
			defaultConfigurationName = Release;
		};
		EBFA2B9622DB3ACB00E6C135 /* Build configuration list for PBXNativeTarget "YandexCourseUnitTests" */ = {
			isa = XCConfigurationList;
			buildConfigurations = (
				EBFA2B9422DB3ACB00E6C135 /* Debug */,
				EBFA2B9522DB3ACB00E6C135 /* Release */,
			);
			defaultConfigurationIsVisible = 0;
			defaultConfigurationName = Release;
		};
/* End XCConfigurationList section */
	};
	rootObject = EBA9184422CA9AB800296CAA /* Project object */;
}
