// !$*UTF8*$!
{
	archiveVersion = 1;
	classes = {
	};
	objectVersion = 50;
	objects = {

/* Begin PBXBuildFile section */
		21009724D4FAB8660BB12F0D /* libPods-Yandex CourseTests.a in Frameworks */ = {isa = PBXBuildFile; fileRef = D65FEABD7EDB2194C9EEF5AC /* libPods-Yandex CourseTests.a */; };
		366F5F6C93A8CF7D6C60C698 /* libPods-Yandex Course.a in Frameworks */ = {isa = PBXBuildFile; fileRef = 42354E72F35BBA845562E7C3 /* libPods-Yandex Course.a */; };
		EB79BF9522EC98C70064A5B5 /* UIImageExtension.swift in Sources */ = {isa = PBXBuildFile; fileRef = EB79BF9322EC98C70064A5B5 /* UIImageExtension.swift */; };
		EB79BF9622EC98C70064A5B5 /* UIImageExtension.swift in Sources */ = {isa = PBXBuildFile; fileRef = EB79BF9322EC98C70064A5B5 /* UIImageExtension.swift */; };
		EB79BF9722EC98C70064A5B5 /* UIColorExtension.swift in Sources */ = {isa = PBXBuildFile; fileRef = EB79BF9422EC98C70064A5B5 /* UIColorExtension.swift */; };
		EB79BF9822EC98C70064A5B5 /* UIColorExtension.swift in Sources */ = {isa = PBXBuildFile; fileRef = EB79BF9422EC98C70064A5B5 /* UIColorExtension.swift */; };
		EB79BF9A22ECEDC10064A5B5 /* Log.swift in Sources */ = {isa = PBXBuildFile; fileRef = EB79BF9922ECEDC10064A5B5 /* Log.swift */; };
		EB79BF9B22ECEDC10064A5B5 /* Log.swift in Sources */ = {isa = PBXBuildFile; fileRef = EB79BF9922ECEDC10064A5B5 /* Log.swift */; };
		EB79BF9D22ECEDED0064A5B5 /* ColorCellModel.swift in Sources */ = {isa = PBXBuildFile; fileRef = EB79BF9C22ECEDED0064A5B5 /* ColorCellModel.swift */; };
		EB79BF9E22ECEDED0064A5B5 /* ColorCellModel.swift in Sources */ = {isa = PBXBuildFile; fileRef = EB79BF9C22ECEDED0064A5B5 /* ColorCellModel.swift */; };
		EB79BFA122ECEE620064A5B5 /* ColorPickerViewController.swift in Sources */ = {isa = PBXBuildFile; fileRef = EB79BF9F22ECEE620064A5B5 /* ColorPickerViewController.swift */; };
		EB79BFA222ECEE620064A5B5 /* ColorPickerViewController.swift in Sources */ = {isa = PBXBuildFile; fileRef = EB79BF9F22ECEE620064A5B5 /* ColorPickerViewController.swift */; };
		EB79BFA322ECEE620064A5B5 /* ColorPicker.storyboard in Resources */ = {isa = PBXBuildFile; fileRef = EB79BFA022ECEE620064A5B5 /* ColorPicker.storyboard */; };
		EB79BFA422ECEE620064A5B5 /* ColorPicker.storyboard in Resources */ = {isa = PBXBuildFile; fileRef = EB79BFA022ECEE620064A5B5 /* ColorPicker.storyboard */; };
		EB79BFA722ECEEA40064A5B5 /* ColorCollectionViewCell.xib in Resources */ = {isa = PBXBuildFile; fileRef = EB79BFA522ECEEA40064A5B5 /* ColorCollectionViewCell.xib */; };
		EB79BFA822ECEEA40064A5B5 /* ColorCollectionViewCell.xib in Resources */ = {isa = PBXBuildFile; fileRef = EB79BFA522ECEEA40064A5B5 /* ColorCollectionViewCell.xib */; };
		EB79BFA922ECEEA40064A5B5 /* ColorCollectionViewCell.swift in Sources */ = {isa = PBXBuildFile; fileRef = EB79BFA622ECEEA40064A5B5 /* ColorCollectionViewCell.swift */; };
		EB79BFAA22ECEEA40064A5B5 /* ColorCollectionViewCell.swift in Sources */ = {isa = PBXBuildFile; fileRef = EB79BFA622ECEEA40064A5B5 /* ColorCollectionViewCell.swift */; };
		EB868DA322DC776E0089FE7D /* AppDelegate.swift in Sources */ = {isa = PBXBuildFile; fileRef = EB868DA222DC776E0089FE7D /* AppDelegate.swift */; };
		EB868DA522DC776E0089FE7D /* ViewController.swift in Sources */ = {isa = PBXBuildFile; fileRef = EB868DA422DC776E0089FE7D /* ViewController.swift */; };
		EB868DA822DC776E0089FE7D /* Main.storyboard in Resources */ = {isa = PBXBuildFile; fileRef = EB868DA622DC776E0089FE7D /* Main.storyboard */; };
		EB868DAA22DC776F0089FE7D /* Assets.xcassets in Resources */ = {isa = PBXBuildFile; fileRef = EB868DA922DC776F0089FE7D /* Assets.xcassets */; };
		EB868DAD22DC776F0089FE7D /* LaunchScreen.storyboard in Resources */ = {isa = PBXBuildFile; fileRef = EB868DAB22DC776F0089FE7D /* LaunchScreen.storyboard */; };
		EB868DB822DC776F0089FE7D /* Yandex_CourseTests.swift in Sources */ = {isa = PBXBuildFile; fileRef = EB868DB722DC776F0089FE7D /* Yandex_CourseTests.swift */; };
		EB868DC422DC77820089FE7D /* FileNotebookTest.swift in Sources */ = {isa = PBXBuildFile; fileRef = EB868DC222DC77820089FE7D /* FileNotebookTest.swift */; };
		EB868DC522DC77820089FE7D /* NoteTests.swift in Sources */ = {isa = PBXBuildFile; fileRef = EB868DC322DC77820089FE7D /* NoteTests.swift */; };
		EB868DCC22DC778F0089FE7D /* NoteExtension.swift in Sources */ = {isa = PBXBuildFile; fileRef = EB868DC922DC778F0089FE7D /* NoteExtension.swift */; };
		EB868DCD22DC778F0089FE7D /* NoteExtension.swift in Sources */ = {isa = PBXBuildFile; fileRef = EB868DC922DC778F0089FE7D /* NoteExtension.swift */; };
		EB868DCE22DC778F0089FE7D /* Note.swift in Sources */ = {isa = PBXBuildFile; fileRef = EB868DCA22DC778F0089FE7D /* Note.swift */; };
		EB868DCF22DC778F0089FE7D /* Note.swift in Sources */ = {isa = PBXBuildFile; fileRef = EB868DCA22DC778F0089FE7D /* Note.swift */; };
		EB868DD022DC778F0089FE7D /* FileNotebook.swift in Sources */ = {isa = PBXBuildFile; fileRef = EB868DCB22DC778F0089FE7D /* FileNotebook.swift */; };
		EB868DD122DC778F0089FE7D /* FileNotebook.swift in Sources */ = {isa = PBXBuildFile; fileRef = EB868DCB22DC778F0089FE7D /* FileNotebook.swift */; };
		EBB613B522F36E9A00A1C1B2 /* GalleryNavigation.storyboard in Resources */ = {isa = PBXBuildFile; fileRef = EBB613B422F36E9A00A1C1B2 /* GalleryNavigation.storyboard */; };
		EBB613B622F36E9A00A1C1B2 /* GalleryNavigation.storyboard in Resources */ = {isa = PBXBuildFile; fileRef = EBB613B422F36E9A00A1C1B2 /* GalleryNavigation.storyboard */; };
		EBDE53FB22EE2D4B0096A7B5 /* Root.storyboard in Resources */ = {isa = PBXBuildFile; fileRef = EBDE53FA22EE2D4B0096A7B5 /* Root.storyboard */; };
		EBDE53FC22EE2D4B0096A7B5 /* Root.storyboard in Resources */ = {isa = PBXBuildFile; fileRef = EBDE53FA22EE2D4B0096A7B5 /* Root.storyboard */; };
		EBDE540222EE2DC20096A7B5 /* NotesNavigation.storyboard in Resources */ = {isa = PBXBuildFile; fileRef = EBDE540122EE2DC20096A7B5 /* NotesNavigation.storyboard */; };
		EBDE540322EE2DC20096A7B5 /* NotesNavigation.storyboard in Resources */ = {isa = PBXBuildFile; fileRef = EBDE540122EE2DC20096A7B5 /* NotesNavigation.storyboard */; };
		EBDE540C22EE2E500096A7B5 /* NotesViewController.swift in Sources */ = {isa = PBXBuildFile; fileRef = EBDE540B22EE2E500096A7B5 /* NotesViewController.swift */; };
		EBDE540D22EE2E500096A7B5 /* NotesViewController.swift in Sources */ = {isa = PBXBuildFile; fileRef = EBDE540B22EE2E500096A7B5 /* NotesViewController.swift */; };
		EBDE540F22EE2E640096A7B5 /* Notes.storyboard in Resources */ = {isa = PBXBuildFile; fileRef = EBDE540E22EE2E640096A7B5 /* Notes.storyboard */; };
		EBDE541022EE2E640096A7B5 /* Notes.storyboard in Resources */ = {isa = PBXBuildFile; fileRef = EBDE540E22EE2E640096A7B5 /* Notes.storyboard */; };
		EBDE541922EE2F390096A7B5 /* Gallery.storyboard in Resources */ = {isa = PBXBuildFile; fileRef = EBDE541822EE2F390096A7B5 /* Gallery.storyboard */; };
		EBDE541A22EE2F390096A7B5 /* Gallery.storyboard in Resources */ = {isa = PBXBuildFile; fileRef = EBDE541822EE2F390096A7B5 /* Gallery.storyboard */; };
		EBDE541C22EE2F3E0096A7B5 /* GalleryViewController.swift in Sources */ = {isa = PBXBuildFile; fileRef = EBDE541B22EE2F3E0096A7B5 /* GalleryViewController.swift */; };
		EBDE541D22EE2F3E0096A7B5 /* GalleryViewController.swift in Sources */ = {isa = PBXBuildFile; fileRef = EBDE541B22EE2F3E0096A7B5 /* GalleryViewController.swift */; };
		EBDE542722EE34EF0096A7B5 /* NoteTableViewCell.swift in Sources */ = {isa = PBXBuildFile; fileRef = EBDE542522EE34EF0096A7B5 /* NoteTableViewCell.swift */; };
		EBDE542822EE34EF0096A7B5 /* NoteTableViewCell.swift in Sources */ = {isa = PBXBuildFile; fileRef = EBDE542522EE34EF0096A7B5 /* NoteTableViewCell.swift */; };
		EBDE542922EE34EF0096A7B5 /* NoteTableViewCell.xib in Resources */ = {isa = PBXBuildFile; fileRef = EBDE542622EE34EF0096A7B5 /* NoteTableViewCell.xib */; };
		EBDE542A22EE34EF0096A7B5 /* NoteTableViewCell.xib in Resources */ = {isa = PBXBuildFile; fileRef = EBDE542622EE34EF0096A7B5 /* NoteTableViewCell.xib */; };
		EBDE542F22EE39B50096A7B5 /* NoteCellModel.swift in Sources */ = {isa = PBXBuildFile; fileRef = EBDE542E22EE39B50096A7B5 /* NoteCellModel.swift */; };
		EBDE543022EE39B50096A7B5 /* NoteCellModel.swift in Sources */ = {isa = PBXBuildFile; fileRef = EBDE542E22EE39B50096A7B5 /* NoteCellModel.swift */; };
		EBF8B33F22E46C6A0057F630 /* EditNoteViewController.swift in Sources */ = {isa = PBXBuildFile; fileRef = EBF8B33E22E46C6A0057F630 /* EditNoteViewController.swift */; };
		EBF8B34022E46C6A0057F630 /* EditNoteViewController.swift in Sources */ = {isa = PBXBuildFile; fileRef = EBF8B33E22E46C6A0057F630 /* EditNoteViewController.swift */; };
		EBF8B34222E46CA60057F630 /* EditNote.storyboard in Resources */ = {isa = PBXBuildFile; fileRef = EBF8B34122E46CA60057F630 /* EditNote.storyboard */; };
		EBF8B34322E46CA60057F630 /* EditNote.storyboard in Resources */ = {isa = PBXBuildFile; fileRef = EBF8B34122E46CA60057F630 /* EditNote.storyboard */; };
/* End PBXBuildFile section */

/* Begin PBXContainerItemProxy section */
		EB868DB422DC776F0089FE7D /* PBXContainerItemProxy */ = {
			isa = PBXContainerItemProxy;
			containerPortal = EB868D9722DC776E0089FE7D /* Project object */;
			proxyType = 1;
			remoteGlobalIDString = EB868D9E22DC776E0089FE7D;
			remoteInfo = "Yandex Course";
		};
/* End PBXContainerItemProxy section */

/* Begin PBXFileReference section */
		0D656F37B84B580D7EE323E0 /* Pods-Yandex CourseTests.debug.xcconfig */ = {isa = PBXFileReference; includeInIndex = 1; lastKnownFileType = text.xcconfig; name = "Pods-Yandex CourseTests.debug.xcconfig"; path = "Target Support Files/Pods-Yandex CourseTests/Pods-Yandex CourseTests.debug.xcconfig"; sourceTree = "<group>"; };
		2B22376D6DD2A647B4172341 /* Pods-Yandex CourseTests.release.xcconfig */ = {isa = PBXFileReference; includeInIndex = 1; lastKnownFileType = text.xcconfig; name = "Pods-Yandex CourseTests.release.xcconfig"; path = "Target Support Files/Pods-Yandex CourseTests/Pods-Yandex CourseTests.release.xcconfig"; sourceTree = "<group>"; };
		42354E72F35BBA845562E7C3 /* libPods-Yandex Course.a */ = {isa = PBXFileReference; explicitFileType = archive.ar; includeInIndex = 0; path = "libPods-Yandex Course.a"; sourceTree = BUILT_PRODUCTS_DIR; };
		8925195AFCE584E06361CB1A /* Pods-Yandex Course.release.xcconfig */ = {isa = PBXFileReference; includeInIndex = 1; lastKnownFileType = text.xcconfig; name = "Pods-Yandex Course.release.xcconfig"; path = "Target Support Files/Pods-Yandex Course/Pods-Yandex Course.release.xcconfig"; sourceTree = "<group>"; };
		C7D54DF4FACC6FB71F72B80C /* Pods-Yandex Course.testing.xcconfig */ = {isa = PBXFileReference; includeInIndex = 1; lastKnownFileType = text.xcconfig; name = "Pods-Yandex Course.testing.xcconfig"; path = "Target Support Files/Pods-Yandex Course/Pods-Yandex Course.testing.xcconfig"; sourceTree = "<group>"; };
		D65FEABD7EDB2194C9EEF5AC /* libPods-Yandex CourseTests.a */ = {isa = PBXFileReference; explicitFileType = archive.ar; includeInIndex = 0; path = "libPods-Yandex CourseTests.a"; sourceTree = BUILT_PRODUCTS_DIR; };
		EB79BF9322EC98C70064A5B5 /* UIImageExtension.swift */ = {isa = PBXFileReference; fileEncoding = 4; lastKnownFileType = sourcecode.swift; path = UIImageExtension.swift; sourceTree = "<group>"; };
		EB79BF9422EC98C70064A5B5 /* UIColorExtension.swift */ = {isa = PBXFileReference; fileEncoding = 4; lastKnownFileType = sourcecode.swift; path = UIColorExtension.swift; sourceTree = "<group>"; };
		EB79BF9922ECEDC10064A5B5 /* Log.swift */ = {isa = PBXFileReference; fileEncoding = 4; lastKnownFileType = sourcecode.swift; path = Log.swift; sourceTree = "<group>"; };
		EB79BF9C22ECEDED0064A5B5 /* ColorCellModel.swift */ = {isa = PBXFileReference; fileEncoding = 4; lastKnownFileType = sourcecode.swift; path = ColorCellModel.swift; sourceTree = "<group>"; };
		EB79BF9F22ECEE620064A5B5 /* ColorPickerViewController.swift */ = {isa = PBXFileReference; fileEncoding = 4; lastKnownFileType = sourcecode.swift; path = ColorPickerViewController.swift; sourceTree = "<group>"; };
		EB79BFA022ECEE620064A5B5 /* ColorPicker.storyboard */ = {isa = PBXFileReference; fileEncoding = 4; lastKnownFileType = file.storyboard; path = ColorPicker.storyboard; sourceTree = "<group>"; };
		EB79BFA522ECEEA40064A5B5 /* ColorCollectionViewCell.xib */ = {isa = PBXFileReference; fileEncoding = 4; lastKnownFileType = file.xib; path = ColorCollectionViewCell.xib; sourceTree = "<group>"; };
		EB79BFA622ECEEA40064A5B5 /* ColorCollectionViewCell.swift */ = {isa = PBXFileReference; fileEncoding = 4; lastKnownFileType = sourcecode.swift; path = ColorCollectionViewCell.swift; sourceTree = "<group>"; };
		EB868D9F22DC776E0089FE7D /* Yandex Course.app */ = {isa = PBXFileReference; explicitFileType = wrapper.application; includeInIndex = 0; path = "Yandex Course.app"; sourceTree = BUILT_PRODUCTS_DIR; };
		EB868DA222DC776E0089FE7D /* AppDelegate.swift */ = {isa = PBXFileReference; lastKnownFileType = sourcecode.swift; path = AppDelegate.swift; sourceTree = "<group>"; };
		EB868DA422DC776E0089FE7D /* ViewController.swift */ = {isa = PBXFileReference; lastKnownFileType = sourcecode.swift; path = ViewController.swift; sourceTree = "<group>"; };
		EB868DA722DC776E0089FE7D /* Base */ = {isa = PBXFileReference; lastKnownFileType = file.storyboard; name = Base; path = Base.lproj/Main.storyboard; sourceTree = "<group>"; };
		EB868DA922DC776F0089FE7D /* Assets.xcassets */ = {isa = PBXFileReference; lastKnownFileType = folder.assetcatalog; path = Assets.xcassets; sourceTree = "<group>"; };
		EB868DAC22DC776F0089FE7D /* Base */ = {isa = PBXFileReference; lastKnownFileType = file.storyboard; name = Base; path = Base.lproj/LaunchScreen.storyboard; sourceTree = "<group>"; };
		EB868DAE22DC776F0089FE7D /* Info.plist */ = {isa = PBXFileReference; lastKnownFileType = text.plist.xml; path = Info.plist; sourceTree = "<group>"; };
		EB868DB322DC776F0089FE7D /* Yandex CourseTests.xctest */ = {isa = PBXFileReference; explicitFileType = wrapper.cfbundle; includeInIndex = 0; path = "Yandex CourseTests.xctest"; sourceTree = BUILT_PRODUCTS_DIR; };
		EB868DB722DC776F0089FE7D /* Yandex_CourseTests.swift */ = {isa = PBXFileReference; lastKnownFileType = sourcecode.swift; path = Yandex_CourseTests.swift; sourceTree = "<group>"; };
		EB868DB922DC776F0089FE7D /* Info.plist */ = {isa = PBXFileReference; lastKnownFileType = text.plist.xml; path = Info.plist; sourceTree = "<group>"; };
		EB868DC222DC77820089FE7D /* FileNotebookTest.swift */ = {isa = PBXFileReference; fileEncoding = 4; lastKnownFileType = sourcecode.swift; path = FileNotebookTest.swift; sourceTree = "<group>"; };
		EB868DC322DC77820089FE7D /* NoteTests.swift */ = {isa = PBXFileReference; fileEncoding = 4; lastKnownFileType = sourcecode.swift; path = NoteTests.swift; sourceTree = "<group>"; };
		EB868DC922DC778F0089FE7D /* NoteExtension.swift */ = {isa = PBXFileReference; fileEncoding = 4; lastKnownFileType = sourcecode.swift; path = NoteExtension.swift; sourceTree = "<group>"; };
		EB868DCA22DC778F0089FE7D /* Note.swift */ = {isa = PBXFileReference; fileEncoding = 4; lastKnownFileType = sourcecode.swift; path = Note.swift; sourceTree = "<group>"; };
		EB868DCB22DC778F0089FE7D /* FileNotebook.swift */ = {isa = PBXFileReference; fileEncoding = 4; lastKnownFileType = sourcecode.swift; path = FileNotebook.swift; sourceTree = "<group>"; };
		EBB613B422F36E9A00A1C1B2 /* GalleryNavigation.storyboard */ = {isa = PBXFileReference; lastKnownFileType = file.storyboard; path = GalleryNavigation.storyboard; sourceTree = "<group>"; };
		EBDE53FA22EE2D4B0096A7B5 /* Root.storyboard */ = {isa = PBXFileReference; fileEncoding = 4; lastKnownFileType = file.storyboard; path = Root.storyboard; sourceTree = "<group>"; };
		EBDE540122EE2DC20096A7B5 /* NotesNavigation.storyboard */ = {isa = PBXFileReference; fileEncoding = 4; lastKnownFileType = file.storyboard; path = NotesNavigation.storyboard; sourceTree = "<group>"; };
		EBDE540B22EE2E500096A7B5 /* NotesViewController.swift */ = {isa = PBXFileReference; fileEncoding = 4; lastKnownFileType = sourcecode.swift; path = NotesViewController.swift; sourceTree = "<group>"; };
		EBDE540E22EE2E640096A7B5 /* Notes.storyboard */ = {isa = PBXFileReference; fileEncoding = 4; lastKnownFileType = file.storyboard; path = Notes.storyboard; sourceTree = "<group>"; };
		EBDE541822EE2F390096A7B5 /* Gallery.storyboard */ = {isa = PBXFileReference; fileEncoding = 4; lastKnownFileType = file.storyboard; path = Gallery.storyboard; sourceTree = "<group>"; };
		EBDE541B22EE2F3E0096A7B5 /* GalleryViewController.swift */ = {isa = PBXFileReference; fileEncoding = 4; lastKnownFileType = sourcecode.swift; path = GalleryViewController.swift; sourceTree = "<group>"; };
		EBDE542522EE34EF0096A7B5 /* NoteTableViewCell.swift */ = {isa = PBXFileReference; fileEncoding = 4; lastKnownFileType = sourcecode.swift; path = NoteTableViewCell.swift; sourceTree = "<group>"; };
		EBDE542622EE34EF0096A7B5 /* NoteTableViewCell.xib */ = {isa = PBXFileReference; fileEncoding = 4; lastKnownFileType = file.xib; path = NoteTableViewCell.xib; sourceTree = "<group>"; };
		EBDE542E22EE39B50096A7B5 /* NoteCellModel.swift */ = {isa = PBXFileReference; fileEncoding = 4; lastKnownFileType = sourcecode.swift; path = NoteCellModel.swift; sourceTree = "<group>"; };
		EBF8B33E22E46C6A0057F630 /* EditNoteViewController.swift */ = {isa = PBXFileReference; fileEncoding = 4; lastKnownFileType = sourcecode.swift; path = EditNoteViewController.swift; sourceTree = "<group>"; };
		EBF8B34122E46CA60057F630 /* EditNote.storyboard */ = {isa = PBXFileReference; fileEncoding = 4; lastKnownFileType = file.storyboard; path = EditNote.storyboard; sourceTree = "<group>"; };
		F2412EAEE9E341A376D53D05 /* Pods-Yandex CourseTests.testing.xcconfig */ = {isa = PBXFileReference; includeInIndex = 1; lastKnownFileType = text.xcconfig; name = "Pods-Yandex CourseTests.testing.xcconfig"; path = "Target Support Files/Pods-Yandex CourseTests/Pods-Yandex CourseTests.testing.xcconfig"; sourceTree = "<group>"; };
		FE78D9FB2DCCD01CEB80E4B0 /* Pods-Yandex Course.debug.xcconfig */ = {isa = PBXFileReference; includeInIndex = 1; lastKnownFileType = text.xcconfig; name = "Pods-Yandex Course.debug.xcconfig"; path = "Target Support Files/Pods-Yandex Course/Pods-Yandex Course.debug.xcconfig"; sourceTree = "<group>"; };
/* End PBXFileReference section */

/* Begin PBXFrameworksBuildPhase section */
		EB868D9C22DC776E0089FE7D /* Frameworks */ = {
			isa = PBXFrameworksBuildPhase;
			buildActionMask = 2147483647;
			files = (
				366F5F6C93A8CF7D6C60C698 /* libPods-Yandex Course.a in Frameworks */,
			);
			runOnlyForDeploymentPostprocessing = 0;
		};
		EB868DB022DC776F0089FE7D /* Frameworks */ = {
			isa = PBXFrameworksBuildPhase;
			buildActionMask = 2147483647;
			files = (
				21009724D4FAB8660BB12F0D /* libPods-Yandex CourseTests.a in Frameworks */,
			);
			runOnlyForDeploymentPostprocessing = 0;
		};
/* End PBXFrameworksBuildPhase section */

/* Begin PBXGroup section */
		7FC81F7237274E7B6B9892CD /* Frameworks */ = {
			isa = PBXGroup;
			children = (
				42354E72F35BBA845562E7C3 /* libPods-Yandex Course.a */,
				D65FEABD7EDB2194C9EEF5AC /* libPods-Yandex CourseTests.a */,
			);
			name = Frameworks;
			sourceTree = "<group>";
		};
		C2EC832AB50E54D2444FD482 /* Pods */ = {
			isa = PBXGroup;
			children = (
				FE78D9FB2DCCD01CEB80E4B0 /* Pods-Yandex Course.debug.xcconfig */,
				C7D54DF4FACC6FB71F72B80C /* Pods-Yandex Course.testing.xcconfig */,
				8925195AFCE584E06361CB1A /* Pods-Yandex Course.release.xcconfig */,
				0D656F37B84B580D7EE323E0 /* Pods-Yandex CourseTests.debug.xcconfig */,
				F2412EAEE9E341A376D53D05 /* Pods-Yandex CourseTests.testing.xcconfig */,
				2B22376D6DD2A647B4172341 /* Pods-Yandex CourseTests.release.xcconfig */,
			);
			path = Pods;
			sourceTree = "<group>";
		};
		EB05969522E311C60050E16A /* EditNote */ = {
			isa = PBXGroup;
			children = (
				EBF8B33E22E46C6A0057F630 /* EditNoteViewController.swift */,
				EBF8B34122E46CA60057F630 /* EditNote.storyboard */,
			);
			path = EditNote;
			sourceTree = "<group>";
		};
		EB38F3DF22E2083C007E07D2 /* Helpers */ = {
			isa = PBXGroup;
			children = (
				EB79BF9922ECEDC10064A5B5 /* Log.swift */,
			);
			path = Helpers;
			sourceTree = "<group>";
		};
		EB79BF8C22EC92A60064A5B5 /* Extensions */ = {
			isa = PBXGroup;
			children = (
				EB79BF9422EC98C70064A5B5 /* UIColorExtension.swift */,
				EB79BF9322EC98C70064A5B5 /* UIImageExtension.swift */,
			);
			path = Extensions;
			sourceTree = "<group>";
		};
		EB7FBB4822E34B7D00E440E7 /* Views */ = {
			isa = PBXGroup;
			children = (
				EBDE541E22EE34B30096A7B5 /* NoteCell */,
				EB7FBB4922E34B8D00E440E7 /* ColorCell */,
			);
			path = Views;
			sourceTree = "<group>";
		};
		EB7FBB4922E34B8D00E440E7 /* ColorCell */ = {
			isa = PBXGroup;
			children = (
				EB79BFA622ECEEA40064A5B5 /* ColorCollectionViewCell.swift */,
				EB79BFA522ECEEA40064A5B5 /* ColorCollectionViewCell.xib */,
			);
			path = ColorCell;
			sourceTree = "<group>";
		};
		EB868D9622DC776E0089FE7D = {
			isa = PBXGroup;
			children = (
				EB868DA122DC776E0089FE7D /* Yandex Course */,
				EB868DB622DC776F0089FE7D /* Yandex CourseTests */,
				EB868DA022DC776E0089FE7D /* Products */,
				C2EC832AB50E54D2444FD482 /* Pods */,
				7FC81F7237274E7B6B9892CD /* Frameworks */,
			);
			sourceTree = "<group>";
		};
		EB868DA022DC776E0089FE7D /* Products */ = {
			isa = PBXGroup;
			children = (
				EB868D9F22DC776E0089FE7D /* Yandex Course.app */,
				EB868DB322DC776F0089FE7D /* Yandex CourseTests.xctest */,
			);
			name = Products;
			sourceTree = "<group>";
		};
		EB868DA122DC776E0089FE7D /* Yandex Course */ = {
			isa = PBXGroup;
			children = (
				EB79BF8C22EC92A60064A5B5 /* Extensions */,
				EBF8B33922E46A270057F630 /* Screens */,
				EB38F3DF22E2083C007E07D2 /* Helpers */,
				EB868DC622DC778F0089FE7D /* Model */,
				EB7FBB4822E34B7D00E440E7 /* Views */,
				EB868DA222DC776E0089FE7D /* AppDelegate.swift */,
				EB868DA922DC776F0089FE7D /* Assets.xcassets */,
				EB868DAB22DC776F0089FE7D /* LaunchScreen.storyboard */,
				EB868DAE22DC776F0089FE7D /* Info.plist */,
			);
			path = "Yandex Course";
			sourceTree = "<group>";
		};
		EB868DB622DC776F0089FE7D /* Yandex CourseTests */ = {
			isa = PBXGroup;
			children = (
				EB868DB722DC776F0089FE7D /* Yandex_CourseTests.swift */,
				EB868DB922DC776F0089FE7D /* Info.plist */,
				EB868DC222DC77820089FE7D /* FileNotebookTest.swift */,
				EB868DC322DC77820089FE7D /* NoteTests.swift */,
			);
			path = "Yandex CourseTests";
			sourceTree = "<group>";
		};
		EB868DC622DC778F0089FE7D /* Model */ = {
			isa = PBXGroup;
			children = (
				EB868DC722DC778F0089FE7D /* FileNotebook */,
				EB79BF9C22ECEDED0064A5B5 /* ColorCellModel.swift */,
				EBDE542E22EE39B50096A7B5 /* NoteCellModel.swift */,
			);
			path = Model;
			sourceTree = "<group>";
		};
		EB868DC722DC778F0089FE7D /* FileNotebook */ = {
			isa = PBXGroup;
			children = (
				EB868DC822DC778F0089FE7D /* Note */,
				EB868DCB22DC778F0089FE7D /* FileNotebook.swift */,
			);
			path = FileNotebook;
			sourceTree = "<group>";
		};
		EB868DC822DC778F0089FE7D /* Note */ = {
			isa = PBXGroup;
			children = (
				EB868DC922DC778F0089FE7D /* NoteExtension.swift */,
				EB868DCA22DC778F0089FE7D /* Note.swift */,
			);
			path = Note;
			sourceTree = "<group>";
		};
		EBB613B322F36E7600A1C1B2 /* GalleryNavigation */ = {
			isa = PBXGroup;
			children = (
				EBB613B422F36E9A00A1C1B2 /* GalleryNavigation.storyboard */,
			);
			path = GalleryNavigation;
			sourceTree = "<group>";
		};
		EBDE53F622EE2D100096A7B5 /* Root */ = {
			isa = PBXGroup;
			children = (
				EBDE53FA22EE2D4B0096A7B5 /* Root.storyboard */,
			);
			path = Root;
			sourceTree = "<group>";
		};
		EBDE53FD22EE2D990096A7B5 /* NotesNavigation */ = {
			isa = PBXGroup;
			children = (
				EBDE540122EE2DC20096A7B5 /* NotesNavigation.storyboard */,
			);
			path = NotesNavigation;
			sourceTree = "<group>";
		};
		EBDE540422EE2DEC0096A7B5 /* Notes */ = {
			isa = PBXGroup;
			children = (
				EBDE540E22EE2E640096A7B5 /* Notes.storyboard */,
				EBDE540B22EE2E500096A7B5 /* NotesViewController.swift */,
			);
			path = Notes;
			sourceTree = "<group>";
		};
		EBDE541122EE2F0E0096A7B5 /* Gallery */ = {
			isa = PBXGroup;
			children = (
				EBDE541822EE2F390096A7B5 /* Gallery.storyboard */,
				EBDE541B22EE2F3E0096A7B5 /* GalleryViewController.swift */,
			);
			path = Gallery;
			sourceTree = "<group>";
		};
		EBDE541E22EE34B30096A7B5 /* NoteCell */ = {
			isa = PBXGroup;
			children = (
				EBDE542522EE34EF0096A7B5 /* NoteTableViewCell.swift */,
				EBDE542622EE34EF0096A7B5 /* NoteTableViewCell.xib */,
			);
			path = NoteCell;
			sourceTree = "<group>";
		};
		EBF8B33922E46A270057F630 /* Screens */ = {
			isa = PBXGroup;
			children = (
				EBB613B322F36E7600A1C1B2 /* GalleryNavigation */,
				EBDE541122EE2F0E0096A7B5 /* Gallery */,
				EBDE53F622EE2D100096A7B5 /* Root */,
				EBDE53FD22EE2D990096A7B5 /* NotesNavigation */,
				EBDE540422EE2DEC0096A7B5 /* Notes */,
				EBF8B34422E46D300057F630 /* ColorPicker */,
				EB05969522E311C60050E16A /* EditNote */,
				EBF8B33A22E46A2F0057F630 /* Main */,
			);
			path = Screens;
			sourceTree = "<group>";
		};
		EBF8B33A22E46A2F0057F630 /* Main */ = {
			isa = PBXGroup;
			children = (
				EB868DA422DC776E0089FE7D /* ViewController.swift */,
				EB868DA622DC776E0089FE7D /* Main.storyboard */,
			);
			path = Main;
			sourceTree = "<group>";
		};
		EBF8B34422E46D300057F630 /* ColorPicker */ = {
			isa = PBXGroup;
			children = (
				EB79BFA022ECEE620064A5B5 /* ColorPicker.storyboard */,
				EB79BF9F22ECEE620064A5B5 /* ColorPickerViewController.swift */,
			);
			path = ColorPicker;
			sourceTree = "<group>";
		};
/* End PBXGroup section */

/* Begin PBXNativeTarget section */
		EB868D9E22DC776E0089FE7D /* Yandex Course */ = {
			isa = PBXNativeTarget;
			buildConfigurationList = EB868DBC22DC776F0089FE7D /* Build configuration list for PBXNativeTarget "Yandex Course" */;
			buildPhases = (
				799B37523E17D671EF6F8186 /* [CP] Check Pods Manifest.lock */,
				EB868D9B22DC776E0089FE7D /* Sources */,
				EB868D9C22DC776E0089FE7D /* Frameworks */,
				EB868D9D22DC776E0089FE7D /* Resources */,
			);
			buildRules = (
			);
			dependencies = (
			);
			name = "Yandex Course";
			productName = "Yandex Course";
			productReference = EB868D9F22DC776E0089FE7D /* Yandex Course.app */;
			productType = "com.apple.product-type.application";
		};
		EB868DB222DC776F0089FE7D /* Yandex CourseTests */ = {
			isa = PBXNativeTarget;
			buildConfigurationList = EB868DBF22DC776F0089FE7D /* Build configuration list for PBXNativeTarget "Yandex CourseTests" */;
			buildPhases = (
				E45961AF2694EE1B76ECD056 /* [CP] Check Pods Manifest.lock */,
				EB868DAF22DC776F0089FE7D /* Sources */,
				EB868DB022DC776F0089FE7D /* Frameworks */,
				EB868DB122DC776F0089FE7D /* Resources */,
			);
			buildRules = (
			);
			dependencies = (
				EB868DB522DC776F0089FE7D /* PBXTargetDependency */,
			);
			name = "Yandex CourseTests";
			productName = "Yandex CourseTests";
			productReference = EB868DB322DC776F0089FE7D /* Yandex CourseTests.xctest */;
			productType = "com.apple.product-type.bundle.unit-test";
		};
/* End PBXNativeTarget section */

/* Begin PBXProject section */
		EB868D9722DC776E0089FE7D /* Project object */ = {
			isa = PBXProject;
			attributes = {
				LastSwiftUpdateCheck = 1020;
				LastUpgradeCheck = 1020;
				ORGANIZATIONNAME = "Vitaliy Pyatnikov";
				TargetAttributes = {
					EB868D9E22DC776E0089FE7D = {
						CreatedOnToolsVersion = 10.2.1;
					};
					EB868DB222DC776F0089FE7D = {
						CreatedOnToolsVersion = 10.2.1;
						TestTargetID = EB868D9E22DC776E0089FE7D;
					};
				};
			};
			buildConfigurationList = EB868D9A22DC776E0089FE7D /* Build configuration list for PBXProject "Yandex Course" */;
			compatibilityVersion = "Xcode 9.3";
			developmentRegion = en;
			hasScannedForEncodings = 0;
			knownRegions = (
				en,
				Base,
			);
			mainGroup = EB868D9622DC776E0089FE7D;
			productRefGroup = EB868DA022DC776E0089FE7D /* Products */;
			projectDirPath = "";
			projectRoot = "";
			targets = (
				EB868D9E22DC776E0089FE7D /* Yandex Course */,
				EB868DB222DC776F0089FE7D /* Yandex CourseTests */,
			);
		};
/* End PBXProject section */

/* Begin PBXResourcesBuildPhase section */
		EB868D9D22DC776E0089FE7D /* Resources */ = {
			isa = PBXResourcesBuildPhase;
			buildActionMask = 2147483647;
			files = (
				EBF8B34222E46CA60057F630 /* EditNote.storyboard in Resources */,
				EBDE541922EE2F390096A7B5 /* Gallery.storyboard in Resources */,
				EB868DAD22DC776F0089FE7D /* LaunchScreen.storyboard in Resources */,
				EBB613B522F36E9A00A1C1B2 /* GalleryNavigation.storyboard in Resources */,
				EBDE540222EE2DC20096A7B5 /* NotesNavigation.storyboard in Resources */,
				EBDE540F22EE2E640096A7B5 /* Notes.storyboard in Resources */,
				EBDE542922EE34EF0096A7B5 /* NoteTableViewCell.xib in Resources */,
				EB868DAA22DC776F0089FE7D /* Assets.xcassets in Resources */,
				EB79BFA322ECEE620064A5B5 /* ColorPicker.storyboard in Resources */,
				EBDE53FB22EE2D4B0096A7B5 /* Root.storyboard in Resources */,
				EB79BFA722ECEEA40064A5B5 /* ColorCollectionViewCell.xib in Resources */,
				EB868DA822DC776E0089FE7D /* Main.storyboard in Resources */,
			);
			runOnlyForDeploymentPostprocessing = 0;
		};
		EB868DB122DC776F0089FE7D /* Resources */ = {
			isa = PBXResourcesBuildPhase;
			buildActionMask = 2147483647;
			files = (
				EBDE541A22EE2F390096A7B5 /* Gallery.storyboard in Resources */,
				EBDE541022EE2E640096A7B5 /* Notes.storyboard in Resources */,
				EBF8B34322E46CA60057F630 /* EditNote.storyboard in Resources */,
				EBB613B622F36E9A00A1C1B2 /* GalleryNavigation.storyboard in Resources */,
				EB79BFA822ECEEA40064A5B5 /* ColorCollectionViewCell.xib in Resources */,
				EBDE53FC22EE2D4B0096A7B5 /* Root.storyboard in Resources */,
				EB79BFA422ECEE620064A5B5 /* ColorPicker.storyboard in Resources */,
				EBDE540322EE2DC20096A7B5 /* NotesNavigation.storyboard in Resources */,
				EBDE542A22EE34EF0096A7B5 /* NoteTableViewCell.xib in Resources */,
			);
			runOnlyForDeploymentPostprocessing = 0;
		};
/* End PBXResourcesBuildPhase section */

/* Begin PBXShellScriptBuildPhase section */
		799B37523E17D671EF6F8186 /* [CP] Check Pods Manifest.lock */ = {
			isa = PBXShellScriptBuildPhase;
			buildActionMask = 2147483647;
			files = (
			);
			inputFileListPaths = (
			);
			inputPaths = (
				"${PODS_PODFILE_DIR_PATH}/Podfile.lock",
				"${PODS_ROOT}/Manifest.lock",
			);
			name = "[CP] Check Pods Manifest.lock";
			outputFileListPaths = (
			);
			outputPaths = (
				"$(DERIVED_FILE_DIR)/Pods-Yandex Course-checkManifestLockResult.txt",
			);
			runOnlyForDeploymentPostprocessing = 0;
			shellPath = /bin/sh;
			shellScript = "diff \"${PODS_PODFILE_DIR_PATH}/Podfile.lock\" \"${PODS_ROOT}/Manifest.lock\" > /dev/null\nif [ $? != 0 ] ; then\n    # print error to STDERR\n    echo \"error: The sandbox is not in sync with the Podfile.lock. Run 'pod install' or update your CocoaPods installation.\" >&2\n    exit 1\nfi\n# This output is used by Xcode 'outputs' to avoid re-running this script phase.\necho \"SUCCESS\" > \"${SCRIPT_OUTPUT_FILE_0}\"\n";
			showEnvVarsInLog = 0;
		};
		E45961AF2694EE1B76ECD056 /* [CP] Check Pods Manifest.lock */ = {
			isa = PBXShellScriptBuildPhase;
			buildActionMask = 2147483647;
			files = (
			);
			inputFileListPaths = (
			);
			inputPaths = (
				"${PODS_PODFILE_DIR_PATH}/Podfile.lock",
				"${PODS_ROOT}/Manifest.lock",
			);
			name = "[CP] Check Pods Manifest.lock";
			outputFileListPaths = (
			);
			outputPaths = (
				"$(DERIVED_FILE_DIR)/Pods-Yandex CourseTests-checkManifestLockResult.txt",
			);
			runOnlyForDeploymentPostprocessing = 0;
			shellPath = /bin/sh;
			shellScript = "diff \"${PODS_PODFILE_DIR_PATH}/Podfile.lock\" \"${PODS_ROOT}/Manifest.lock\" > /dev/null\nif [ $? != 0 ] ; then\n    # print error to STDERR\n    echo \"error: The sandbox is not in sync with the Podfile.lock. Run 'pod install' or update your CocoaPods installation.\" >&2\n    exit 1\nfi\n# This output is used by Xcode 'outputs' to avoid re-running this script phase.\necho \"SUCCESS\" > \"${SCRIPT_OUTPUT_FILE_0}\"\n";
			showEnvVarsInLog = 0;
		};
/* End PBXShellScriptBuildPhase section */

/* Begin PBXSourcesBuildPhase section */
		EB868D9B22DC776E0089FE7D /* Sources */ = {
			isa = PBXSourcesBuildPhase;
			buildActionMask = 2147483647;
			files = (
				EB868DD022DC778F0089FE7D /* FileNotebook.swift in Sources */,
				EBDE541C22EE2F3E0096A7B5 /* GalleryViewController.swift in Sources */,
				EB79BF9A22ECEDC10064A5B5 /* Log.swift in Sources */,
				EB79BFA122ECEE620064A5B5 /* ColorPickerViewController.swift in Sources */,
				EB868DA522DC776E0089FE7D /* ViewController.swift in Sources */,
				EBDE542F22EE39B50096A7B5 /* NoteCellModel.swift in Sources */,
				EB79BF9522EC98C70064A5B5 /* UIImageExtension.swift in Sources */,
				EBF8B33F22E46C6A0057F630 /* EditNoteViewController.swift in Sources */,
				EB79BFA922ECEEA40064A5B5 /* ColorCollectionViewCell.swift in Sources */,
				EBDE542722EE34EF0096A7B5 /* NoteTableViewCell.swift in Sources */,
				EBDE540C22EE2E500096A7B5 /* NotesViewController.swift in Sources */,
				EB868DCC22DC778F0089FE7D /* NoteExtension.swift in Sources */,
				EB868DA322DC776E0089FE7D /* AppDelegate.swift in Sources */,
				EB868DCE22DC778F0089FE7D /* Note.swift in Sources */,
				EB79BF9722EC98C70064A5B5 /* UIColorExtension.swift in Sources */,
				EB79BF9D22ECEDED0064A5B5 /* ColorCellModel.swift in Sources */,
			);
			runOnlyForDeploymentPostprocessing = 0;
		};
		EB868DAF22DC776F0089FE7D /* Sources */ = {
			isa = PBXSourcesBuildPhase;
			buildActionMask = 2147483647;
			files = (
				EB79BFA222ECEE620064A5B5 /* ColorPickerViewController.swift in Sources */,
				EB79BFAA22ECEEA40064A5B5 /* ColorCollectionViewCell.swift in Sources */,
				EB868DD122DC778F0089FE7D /* FileNotebook.swift in Sources */,
				EB868DCF22DC778F0089FE7D /* Note.swift in Sources */,
				EB79BF9B22ECEDC10064A5B5 /* Log.swift in Sources */,
				EB868DC522DC77820089FE7D /* NoteTests.swift in Sources */,
				EB868DCD22DC778F0089FE7D /* NoteExtension.swift in Sources */,
				EB79BF9822EC98C70064A5B5 /* UIColorExtension.swift in Sources */,
				EB868DC422DC77820089FE7D /* FileNotebookTest.swift in Sources */,
				EBF8B34022E46C6A0057F630 /* EditNoteViewController.swift in Sources */,
				EBDE540D22EE2E500096A7B5 /* NotesViewController.swift in Sources */,
				EBDE542822EE34EF0096A7B5 /* NoteTableViewCell.swift in Sources */,
				EB79BF9E22ECEDED0064A5B5 /* ColorCellModel.swift in Sources */,
				EBDE541D22EE2F3E0096A7B5 /* GalleryViewController.swift in Sources */,
				EB868DB822DC776F0089FE7D /* Yandex_CourseTests.swift in Sources */,
				EBDE543022EE39B50096A7B5 /* NoteCellModel.swift in Sources */,
				EB79BF9622EC98C70064A5B5 /* UIImageExtension.swift in Sources */,
			);
			runOnlyForDeploymentPostprocessing = 0;
		};
/* End PBXSourcesBuildPhase section */

/* Begin PBXTargetDependency section */
		EB868DB522DC776F0089FE7D /* PBXTargetDependency */ = {
			isa = PBXTargetDependency;
			target = EB868D9E22DC776E0089FE7D /* Yandex Course */;
			targetProxy = EB868DB422DC776F0089FE7D /* PBXContainerItemProxy */;
		};
/* End PBXTargetDependency section */

/* Begin PBXVariantGroup section */
		EB868DA622DC776E0089FE7D /* Main.storyboard */ = {
			isa = PBXVariantGroup;
			children = (
				EB868DA722DC776E0089FE7D /* Base */,
			);
			name = Main.storyboard;
			sourceTree = "<group>";
		};
		EB868DAB22DC776F0089FE7D /* LaunchScreen.storyboard */ = {
			isa = PBXVariantGroup;
			children = (
				EB868DAC22DC776F0089FE7D /* Base */,
			);
			name = LaunchScreen.storyboard;
			sourceTree = "<group>";
		};
/* End PBXVariantGroup section */

/* Begin XCBuildConfiguration section */
		EB868DBA22DC776F0089FE7D /* Debug */ = {
			isa = XCBuildConfiguration;
			buildSettings = {
				ALWAYS_SEARCH_USER_PATHS = NO;
				CLANG_ANALYZER_NONNULL = YES;
				CLANG_ANALYZER_NUMBER_OBJECT_CONVERSION = YES_AGGRESSIVE;
				CLANG_CXX_LANGUAGE_STANDARD = "gnu++14";
				CLANG_CXX_LIBRARY = "libc++";
				CLANG_ENABLE_MODULES = YES;
				CLANG_ENABLE_OBJC_ARC = YES;
				CLANG_ENABLE_OBJC_WEAK = YES;
				CLANG_WARN_BLOCK_CAPTURE_AUTORELEASING = YES;
				CLANG_WARN_BOOL_CONVERSION = YES;
				CLANG_WARN_COMMA = YES;
				CLANG_WARN_CONSTANT_CONVERSION = YES;
				CLANG_WARN_DEPRECATED_OBJC_IMPLEMENTATIONS = YES;
				CLANG_WARN_DIRECT_OBJC_ISA_USAGE = YES_ERROR;
				CLANG_WARN_DOCUMENTATION_COMMENTS = YES;
				CLANG_WARN_EMPTY_BODY = YES;
				CLANG_WARN_ENUM_CONVERSION = YES;
				CLANG_WARN_INFINITE_RECURSION = YES;
				CLANG_WARN_INT_CONVERSION = YES;
				CLANG_WARN_NON_LITERAL_NULL_CONVERSION = YES;
				CLANG_WARN_OBJC_IMPLICIT_RETAIN_SELF = YES;
				CLANG_WARN_OBJC_LITERAL_CONVERSION = YES;
				CLANG_WARN_OBJC_ROOT_CLASS = YES_ERROR;
				CLANG_WARN_RANGE_LOOP_ANALYSIS = YES;
				CLANG_WARN_STRICT_PROTOTYPES = YES;
				CLANG_WARN_SUSPICIOUS_MOVE = YES;
				CLANG_WARN_UNGUARDED_AVAILABILITY = YES_AGGRESSIVE;
				CLANG_WARN_UNREACHABLE_CODE = YES;
				CLANG_WARN__DUPLICATE_METHOD_MATCH = YES;
				CODE_SIGN_IDENTITY = "iPhone Developer";
				COPY_PHASE_STRIP = NO;
				DEBUG_INFORMATION_FORMAT = dwarf;
				ENABLE_STRICT_OBJC_MSGSEND = YES;
				ENABLE_TESTABILITY = YES;
				GCC_C_LANGUAGE_STANDARD = gnu11;
				GCC_DYNAMIC_NO_PIC = NO;
				GCC_NO_COMMON_BLOCKS = YES;
				GCC_OPTIMIZATION_LEVEL = 0;
				GCC_PREPROCESSOR_DEFINITIONS = (
					"TESTING=0",
					"DEBUG=1",
					"$(inherited)",
				);
				GCC_WARN_64_TO_32_BIT_CONVERSION = YES;
				GCC_WARN_ABOUT_RETURN_TYPE = YES_ERROR;
				GCC_WARN_UNDECLARED_SELECTOR = YES;
				GCC_WARN_UNINITIALIZED_AUTOS = YES_AGGRESSIVE;
				GCC_WARN_UNUSED_FUNCTION = YES;
				GCC_WARN_UNUSED_VARIABLE = YES;
				IPHONEOS_DEPLOYMENT_TARGET = 12.2;
				MTL_ENABLE_DEBUG_INFO = INCLUDE_SOURCE;
				MTL_FAST_MATH = YES;
				ONLY_ACTIVE_ARCH = YES;
				SDKROOT = iphoneos;
				SWIFT_ACTIVE_COMPILATION_CONDITIONS = DEBUG;
				SWIFT_OPTIMIZATION_LEVEL = "-Onone";
			};
			name = Debug;
		};
		EB868DBB22DC776F0089FE7D /* Release */ = {
			isa = XCBuildConfiguration;
			buildSettings = {
				ALWAYS_SEARCH_USER_PATHS = NO;
				CLANG_ANALYZER_NONNULL = YES;
				CLANG_ANALYZER_NUMBER_OBJECT_CONVERSION = YES_AGGRESSIVE;
				CLANG_CXX_LANGUAGE_STANDARD = "gnu++14";
				CLANG_CXX_LIBRARY = "libc++";
				CLANG_ENABLE_MODULES = YES;
				CLANG_ENABLE_OBJC_ARC = YES;
				CLANG_ENABLE_OBJC_WEAK = YES;
				CLANG_WARN_BLOCK_CAPTURE_AUTORELEASING = YES;
				CLANG_WARN_BOOL_CONVERSION = YES;
				CLANG_WARN_COMMA = YES;
				CLANG_WARN_CONSTANT_CONVERSION = YES;
				CLANG_WARN_DEPRECATED_OBJC_IMPLEMENTATIONS = YES;
				CLANG_WARN_DIRECT_OBJC_ISA_USAGE = YES_ERROR;
				CLANG_WARN_DOCUMENTATION_COMMENTS = YES;
				CLANG_WARN_EMPTY_BODY = YES;
				CLANG_WARN_ENUM_CONVERSION = YES;
				CLANG_WARN_INFINITE_RECURSION = YES;
				CLANG_WARN_INT_CONVERSION = YES;
				CLANG_WARN_NON_LITERAL_NULL_CONVERSION = YES;
				CLANG_WARN_OBJC_IMPLICIT_RETAIN_SELF = YES;
				CLANG_WARN_OBJC_LITERAL_CONVERSION = YES;
				CLANG_WARN_OBJC_ROOT_CLASS = YES_ERROR;
				CLANG_WARN_RANGE_LOOP_ANALYSIS = YES;
				CLANG_WARN_STRICT_PROTOTYPES = YES;
				CLANG_WARN_SUSPICIOUS_MOVE = YES;
				CLANG_WARN_UNGUARDED_AVAILABILITY = YES_AGGRESSIVE;
				CLANG_WARN_UNREACHABLE_CODE = YES;
				CLANG_WARN__DUPLICATE_METHOD_MATCH = YES;
				CODE_SIGN_IDENTITY = "iPhone Developer";
				COPY_PHASE_STRIP = NO;
				DEBUG_INFORMATION_FORMAT = "dwarf-with-dsym";
				ENABLE_NS_ASSERTIONS = NO;
				ENABLE_STRICT_OBJC_MSGSEND = YES;
				GCC_C_LANGUAGE_STANDARD = gnu11;
				GCC_NO_COMMON_BLOCKS = YES;
				GCC_PREPROCESSOR_DEFINITIONS = "TESTING=0";
				GCC_WARN_64_TO_32_BIT_CONVERSION = YES;
				GCC_WARN_ABOUT_RETURN_TYPE = YES_ERROR;
				GCC_WARN_UNDECLARED_SELECTOR = YES;
				GCC_WARN_UNINITIALIZED_AUTOS = YES_AGGRESSIVE;
				GCC_WARN_UNUSED_FUNCTION = YES;
				GCC_WARN_UNUSED_VARIABLE = YES;
				IPHONEOS_DEPLOYMENT_TARGET = 12.2;
				MTL_ENABLE_DEBUG_INFO = NO;
				MTL_FAST_MATH = YES;
				SDKROOT = iphoneos;
				SWIFT_ACTIVE_COMPILATION_CONDITIONS = "";
				SWIFT_COMPILATION_MODE = wholemodule;
				SWIFT_OPTIMIZATION_LEVEL = "-O";
				VALIDATE_PRODUCT = YES;
			};
			name = Release;
		};
		EB868DBD22DC776F0089FE7D /* Debug */ = {
			isa = XCBuildConfiguration;
			baseConfigurationReference = FE78D9FB2DCCD01CEB80E4B0 /* Pods-Yandex Course.debug.xcconfig */;
			buildSettings = {
				ASSETCATALOG_COMPILER_APPICON_NAME = AppIcon;
				CODE_SIGN_STYLE = Automatic;
				DEVELOPMENT_TEAM = RNQ4ECEX2X;
				INFOPLIST_FILE = "Yandex Course/Info.plist";
				LD_RUNPATH_SEARCH_PATHS = (
					"$(inherited)",
					"@executable_path/Frameworks",
				);
				PRODUCT_BUNDLE_IDENTIFIER = "com.stepik.yandex.ios.Yandex-Course";
				PRODUCT_NAME = "$(TARGET_NAME)";
				SWIFT_VERSION = 5.0;
				TARGETED_DEVICE_FAMILY = 1;
			};
			name = Debug;
		};
		EB868DBE22DC776F0089FE7D /* Release */ = {
			isa = XCBuildConfiguration;
			baseConfigurationReference = 8925195AFCE584E06361CB1A /* Pods-Yandex Course.release.xcconfig */;
			buildSettings = {
				ASSETCATALOG_COMPILER_APPICON_NAME = AppIcon;
				CODE_SIGN_STYLE = Automatic;
				DEVELOPMENT_TEAM = RNQ4ECEX2X;
				INFOPLIST_FILE = "Yandex Course/Info.plist";
				LD_RUNPATH_SEARCH_PATHS = (
					"$(inherited)",
					"@executable_path/Frameworks",
				);
				PRODUCT_BUNDLE_IDENTIFIER = "com.stepik.yandex.ios.Yandex-Course";
				PRODUCT_NAME = "$(TARGET_NAME)";
				SWIFT_VERSION = 5.0;
				TARGETED_DEVICE_FAMILY = 1;
			};
			name = Release;
		};
		EB868DC022DC776F0089FE7D /* Debug */ = {
			isa = XCBuildConfiguration;
			baseConfigurationReference = 0D656F37B84B580D7EE323E0 /* Pods-Yandex CourseTests.debug.xcconfig */;
			buildSettings = {
				ALWAYS_EMBED_SWIFT_STANDARD_LIBRARIES = YES;
				BUNDLE_LOADER = "$(TEST_HOST)";
				CODE_SIGN_STYLE = Automatic;
				DEVELOPMENT_TEAM = RNQ4ECEX2X;
				INFOPLIST_FILE = "Yandex CourseTests/Info.plist";
				LD_RUNPATH_SEARCH_PATHS = (
					"$(inherited)",
					"@executable_path/Frameworks",
					"@loader_path/Frameworks",
				);
				PRODUCT_BUNDLE_IDENTIFIER = "com.stepik.yandex.ios.Yandex-CourseTests";
				PRODUCT_NAME = "$(TARGET_NAME)";
				SWIFT_VERSION = 5.0;
				TARGETED_DEVICE_FAMILY = "1,2";
				TEST_HOST = "$(BUILT_PRODUCTS_DIR)/Yandex Course.app/Yandex Course";
			};
			name = Debug;
		};
		EB868DC122DC776F0089FE7D /* Release */ = {
			isa = XCBuildConfiguration;
			baseConfigurationReference = 2B22376D6DD2A647B4172341 /* Pods-Yandex CourseTests.release.xcconfig */;
			buildSettings = {
				ALWAYS_EMBED_SWIFT_STANDARD_LIBRARIES = YES;
				BUNDLE_LOADER = "$(TEST_HOST)";
				CODE_SIGN_STYLE = Automatic;
				DEVELOPMENT_TEAM = RNQ4ECEX2X;
				INFOPLIST_FILE = "Yandex CourseTests/Info.plist";
				LD_RUNPATH_SEARCH_PATHS = (
					"$(inherited)",
					"@executable_path/Frameworks",
					"@loader_path/Frameworks",
				);
				PRODUCT_BUNDLE_IDENTIFIER = "com.stepik.yandex.ios.Yandex-CourseTests";
				PRODUCT_NAME = "$(TARGET_NAME)";
				SWIFT_VERSION = 5.0;
				TARGETED_DEVICE_FAMILY = "1,2";
				TEST_HOST = "$(BUILT_PRODUCTS_DIR)/Yandex Course.app/Yandex Course";
			};
			name = Release;
		};
		EBD2C27322DE657500378B96 /* Testing */ = {
			isa = XCBuildConfiguration;
			buildSettings = {
				ALWAYS_SEARCH_USER_PATHS = NO;
				CLANG_ANALYZER_NONNULL = YES;
				CLANG_ANALYZER_NUMBER_OBJECT_CONVERSION = YES_AGGRESSIVE;
				CLANG_CXX_LANGUAGE_STANDARD = "gnu++14";
				CLANG_CXX_LIBRARY = "libc++";
				CLANG_ENABLE_MODULES = YES;
				CLANG_ENABLE_OBJC_ARC = YES;
				CLANG_ENABLE_OBJC_WEAK = YES;
				CLANG_WARN_BLOCK_CAPTURE_AUTORELEASING = YES;
				CLANG_WARN_BOOL_CONVERSION = YES;
				CLANG_WARN_COMMA = YES;
				CLANG_WARN_CONSTANT_CONVERSION = YES;
				CLANG_WARN_DEPRECATED_OBJC_IMPLEMENTATIONS = YES;
				CLANG_WARN_DIRECT_OBJC_ISA_USAGE = YES_ERROR;
				CLANG_WARN_DOCUMENTATION_COMMENTS = YES;
				CLANG_WARN_EMPTY_BODY = YES;
				CLANG_WARN_ENUM_CONVERSION = YES;
				CLANG_WARN_INFINITE_RECURSION = YES;
				CLANG_WARN_INT_CONVERSION = YES;
				CLANG_WARN_NON_LITERAL_NULL_CONVERSION = YES;
				CLANG_WARN_OBJC_IMPLICIT_RETAIN_SELF = YES;
				CLANG_WARN_OBJC_LITERAL_CONVERSION = YES;
				CLANG_WARN_OBJC_ROOT_CLASS = YES_ERROR;
				CLANG_WARN_RANGE_LOOP_ANALYSIS = YES;
				CLANG_WARN_STRICT_PROTOTYPES = YES;
				CLANG_WARN_SUSPICIOUS_MOVE = YES;
				CLANG_WARN_UNGUARDED_AVAILABILITY = YES_AGGRESSIVE;
				CLANG_WARN_UNREACHABLE_CODE = YES;
				CLANG_WARN__DUPLICATE_METHOD_MATCH = YES;
				CODE_SIGN_IDENTITY = "iPhone Developer";
				COPY_PHASE_STRIP = NO;
				DEBUG_INFORMATION_FORMAT = dwarf;
				ENABLE_STRICT_OBJC_MSGSEND = YES;
				ENABLE_TESTABILITY = YES;
				GCC_C_LANGUAGE_STANDARD = gnu11;
				GCC_DYNAMIC_NO_PIC = NO;
				GCC_NO_COMMON_BLOCKS = YES;
				GCC_OPTIMIZATION_LEVEL = fast;
				GCC_PREPROCESSOR_DEFINITIONS = (
					"TESTING=1",
					"DEBUG=1",
					"$(inherited)",
				);
				GCC_WARN_64_TO_32_BIT_CONVERSION = YES;
				GCC_WARN_ABOUT_RETURN_TYPE = YES_ERROR;
				GCC_WARN_UNDECLARED_SELECTOR = YES;
				GCC_WARN_UNINITIALIZED_AUTOS = YES_AGGRESSIVE;
				GCC_WARN_UNUSED_FUNCTION = YES;
				GCC_WARN_UNUSED_VARIABLE = YES;
				IPHONEOS_DEPLOYMENT_TARGET = 12.2;
				MTL_ENABLE_DEBUG_INFO = INCLUDE_SOURCE;
				MTL_FAST_MATH = YES;
				ONLY_ACTIVE_ARCH = YES;
				SDKROOT = iphoneos;
				SWIFT_ACTIVE_COMPILATION_CONDITIONS = "DEBUG TESTING";
				SWIFT_OPTIMIZATION_LEVEL = "-Osize";
			};
			name = Testing;
		};
		EBD2C27422DE657500378B96 /* Testing */ = {
			isa = XCBuildConfiguration;
			baseConfigurationReference = C7D54DF4FACC6FB71F72B80C /* Pods-Yandex Course.testing.xcconfig */;
			buildSettings = {
				ASSETCATALOG_COMPILER_APPICON_NAME = AppIcon;
				CODE_SIGN_STYLE = Automatic;
				DEVELOPMENT_TEAM = RNQ4ECEX2X;
				INFOPLIST_FILE = "Yandex Course/Info.plist";
				LD_RUNPATH_SEARCH_PATHS = (
					"$(inherited)",
					"@executable_path/Frameworks",
				);
				PRODUCT_BUNDLE_IDENTIFIER = "com.stepik.yandex.ios.Yandex-Course";
				PRODUCT_NAME = "$(TARGET_NAME)";
				SWIFT_VERSION = 5.0;
				TARGETED_DEVICE_FAMILY = 1;
			};
			name = Testing;
		};
		EBD2C27522DE657500378B96 /* Testing */ = {
			isa = XCBuildConfiguration;
			baseConfigurationReference = F2412EAEE9E341A376D53D05 /* Pods-Yandex CourseTests.testing.xcconfig */;
			buildSettings = {
				ALWAYS_EMBED_SWIFT_STANDARD_LIBRARIES = YES;
				BUNDLE_LOADER = "$(TEST_HOST)";
				CODE_SIGN_STYLE = Automatic;
				DEVELOPMENT_TEAM = RNQ4ECEX2X;
				INFOPLIST_FILE = "Yandex CourseTests/Info.plist";
				LD_RUNPATH_SEARCH_PATHS = (
					"$(inherited)",
					"@executable_path/Frameworks",
					"@loader_path/Frameworks",
				);
				PRODUCT_BUNDLE_IDENTIFIER = "com.stepik.yandex.ios.Yandex-CourseTests";
				PRODUCT_NAME = "$(TARGET_NAME)";
				SWIFT_VERSION = 5.0;
				TARGETED_DEVICE_FAMILY = "1,2";
				TEST_HOST = "$(BUILT_PRODUCTS_DIR)/Yandex Course.app/Yandex Course";
			};
			name = Testing;
		};
/* End XCBuildConfiguration section */

/* Begin XCConfigurationList section */
		EB868D9A22DC776E0089FE7D /* Build configuration list for PBXProject "Yandex Course" */ = {
			isa = XCConfigurationList;
			buildConfigurations = (
				EB868DBA22DC776F0089FE7D /* Debug */,
				EBD2C27322DE657500378B96 /* Testing */,
				EB868DBB22DC776F0089FE7D /* Release */,
			);
			defaultConfigurationIsVisible = 0;
			defaultConfigurationName = Release;
		};
		EB868DBC22DC776F0089FE7D /* Build configuration list for PBXNativeTarget "Yandex Course" */ = {
			isa = XCConfigurationList;
			buildConfigurations = (
				EB868DBD22DC776F0089FE7D /* Debug */,
				EBD2C27422DE657500378B96 /* Testing */,
				EB868DBE22DC776F0089FE7D /* Release */,
			);
			defaultConfigurationIsVisible = 0;
			defaultConfigurationName = Release;
		};
		EB868DBF22DC776F0089FE7D /* Build configuration list for PBXNativeTarget "Yandex CourseTests" */ = {
			isa = XCConfigurationList;
			buildConfigurations = (
				EB868DC022DC776F0089FE7D /* Debug */,
				EBD2C27522DE657500378B96 /* Testing */,
				EB868DC122DC776F0089FE7D /* Release */,
			);
			defaultConfigurationIsVisible = 0;
			defaultConfigurationName = Release;
		};
/* End XCConfigurationList section */
	};
	rootObject = EB868D9722DC776E0089FE7D /* Project object */;
}
